{
  "nodes": {
    "home-manager": {
      "inputs": {
        "nixpkgs": [
          "nixpkgs"
        ]
      },
      "locked": {
        "lastModified": 1755810213,
        "narHash": "sha256-QdenO8f0PTg+tC6HuSvngKcbRZA5oZKmjUT+MXKOLQg=",
        "owner": "nix-community",
        "repo": "home-manager",
        "rev": "6911d3e7f475f7b3558b4f5a6aba90fa86099baa",
        "type": "github"
      },
      "original": {
        "owner": "nix-community",
        "ref": "master",
        "repo": "home-manager",
        "type": "github"
      }
    },
    "nixpkgs": {
      "locked": {
        "lastModified": 1755615617,
        "narHash": "sha256-HMwfAJBdrr8wXAkbGhtcby1zGFvs+StOp19xNsbqdOg=",
        "owner": "NixOS",
        "repo": "nixpkgs",
        "rev": "20075955deac2583bb12f07151c2df830ef346b4",
        "type": "github"
      },
      "original": {
        "owner": "NixOS",
        "ref": "nixos-unstable",
        "repo": "nixpkgs",
        "type": "github"
      }
    },
    "nvimcfg": {
      "flake": false,
      "locked": {
        "lastModified": 1752890498,
        "narHash": "sha256-UQHkY/526sAzGenivbBvM/0U3Xt/BTKD2bvGlr/PXDU=",
        "owner": "djmango",
        "repo": "dotfiles-nvim",
        "rev": "f6a28338fe2504e17652089527f946f435180434",
        "type": "github"
      },
      "original": {
        "owner": "djmango",
        "repo": "dotfiles-nvim",
        "type": "github"
      }
    },
    "root": {
      "inputs": {
        "home-manager": "home-manager",
        "nixpkgs": "nixpkgs",
        "nvimcfg": "nvimcfg"
      }
    }
  },
  "root": "root",
  "version": 7
}
